// !$*UTF8*$!
{
	archiveVersion = 1;
	classes = {
	};
	objectVersion = 45;
	objects = {

/* Begin PBXBuildFile section */
		1D3623260D0F684500981E51 /* CodeViewAppDelegate.m in Sources */ = {isa = PBXBuildFile; fileRef = 1D3623250D0F684500981E51 /* CodeViewAppDelegate.m */; };
		1D60589F0D05DD5A006BFB54 /* Foundation.framework in Frameworks */ = {isa = PBXBuildFile; fileRef = 1D30AB110D05D00D00671497 /* Foundation.framework */; };
		1DF5F4E00D08C38300B7A737 /* UIKit.framework in Frameworks */ = {isa = PBXBuildFile; fileRef = 1DF5F4DF0D08C38300B7A737 /* UIKit.framework */; };
		288765FD0DF74451002DB57D /* CoreGraphics.framework in Frameworks */ = {isa = PBXBuildFile; fileRef = 288765FC0DF74451002DB57D /* CoreGraphics.framework */; };
		7312809811D1DA85002C51DE /* WebRoot in Resources */ = {isa = PBXBuildFile; fileRef = 73127FEB11D1DA85002C51DE /* WebRoot */; };
		732DA75711D163FA007A2846 /* CVBaseView.m in Sources */ = {isa = PBXBuildFile; fileRef = 732DA75611D163FA007A2846 /* CVBaseView.m */; };
		735C463711D1FD8D000D43BD /* Fonts in Resources */ = {isa = PBXBuildFile; fileRef = 735C463311D1FD8D000D43BD /* Fonts */; };
		735C463E11D1FDA9000D43BD /* main.m in Sources */ = {isa = PBXBuildFile; fileRef = 735C463A11D1FDA9000D43BD /* main.m */; };
		735C464411D1FDCE000D43BD /* Default-Landscape.png in Resources */ = {isa = PBXBuildFile; fileRef = 735C464111D1FDCE000D43BD /* Default-Landscape.png */; };
		735C464511D1FDCE000D43BD /* Default-Portrait.png in Resources */ = {isa = PBXBuildFile; fileRef = 735C464211D1FDCE000D43BD /* Default-Portrait.png */; };
		735C464611D1FDCE000D43BD /* Icon.png in Resources */ = {isa = PBXBuildFile; fileRef = 735C464311D1FDCE000D43BD /* Icon.png */; };
		735C464B11D1FDFD000D43BD /* MainWindow.xib in Resources */ = {isa = PBXBuildFile; fileRef = 735C464A11D1FDFD000D43BD /* MainWindow.xib */; };
		735C466411D2019C000D43BD /* LICENSE in Resources */ = {isa = PBXBuildFile; fileRef = 735C466211D2019C000D43BD /* LICENSE */; };
		735C466511D2019C000D43BD /* README.textile in Resources */ = {isa = PBXBuildFile; fileRef = 735C466311D2019C000D43BD /* README.textile */; };
/* End PBXBuildFile section */

/* Begin PBXFileReference section */
		1D30AB110D05D00D00671497 /* Foundation.framework */ = {isa = PBXFileReference; lastKnownFileType = wrapper.framework; name = Foundation.framework; path = System/Library/Frameworks/Foundation.framework; sourceTree = SDKROOT; };
		1D3623240D0F684500981E51 /* CodeViewAppDelegate.h */ = {isa = PBXFileReference; fileEncoding = 4; lastKnownFileType = sourcecode.c.h; path = CodeViewAppDelegate.h; sourceTree = "<group>"; };
		1D3623250D0F684500981E51 /* CodeViewAppDelegate.m */ = {isa = PBXFileReference; fileEncoding = 4; lastKnownFileType = sourcecode.c.objc; path = CodeViewAppDelegate.m; sourceTree = "<group>"; };
		1D6058910D05DD3D006BFB54 /* Syntax.app */ = {isa = PBXFileReference; explicitFileType = wrapper.application; includeInIndex = 0; path = Syntax.app; sourceTree = BUILT_PRODUCTS_DIR; };
		1DF5F4DF0D08C38300B7A737 /* UIKit.framework */ = {isa = PBXFileReference; lastKnownFileType = wrapper.framework; name = UIKit.framework; path = System/Library/Frameworks/UIKit.framework; sourceTree = SDKROOT; };
		288765FC0DF74451002DB57D /* CoreGraphics.framework */ = {isa = PBXFileReference; lastKnownFileType = wrapper.framework; name = CoreGraphics.framework; path = System/Library/Frameworks/CoreGraphics.framework; sourceTree = SDKROOT; };
		73127FEB11D1DA85002C51DE /* WebRoot */ = {isa = PBXFileReference; lastKnownFileType = folder; path = WebRoot; sourceTree = "<group>"; };
		732DA75511D163FA007A2846 /* CVBaseView.h */ = {isa = PBXFileReference; fileEncoding = 4; lastKnownFileType = sourcecode.c.h; path = CVBaseView.h; sourceTree = "<group>"; };
		732DA75611D163FA007A2846 /* CVBaseView.m */ = {isa = PBXFileReference; fileEncoding = 4; lastKnownFileType = sourcecode.c.objc; path = CVBaseView.m; sourceTree = "<group>"; };
		735C463311D1FD8D000D43BD /* Fonts */ = {isa = PBXFileReference; lastKnownFileType = folder; path = Fonts; sourceTree = "<group>"; };
		735C463911D1FDA9000D43BD /* Entitlements.plist */ = {isa = PBXFileReference; fileEncoding = 4; lastKnownFileType = text.plist.xml; path = Entitlements.plist; sourceTree = "<group>"; };
		735C463A11D1FDA9000D43BD /* main.m */ = {isa = PBXFileReference; fileEncoding = 4; lastKnownFileType = sourcecode.c.objc; path = main.m; sourceTree = "<group>"; };
		735C463B11D1FDA9000D43BD /* Syntax-Info.plist */ = {isa = PBXFileReference; fileEncoding = 4; lastKnownFileType = text.plist.xml; path = "Syntax-Info.plist"; sourceTree = "<group>"; };
		735C463C11D1FDA9000D43BD /* Syntax_Prefix.pch */ = {isa = PBXFileReference; fileEncoding = 4; lastKnownFileType = sourcecode.c.h; path = Syntax_Prefix.pch; sourceTree = "<group>"; };
		735C464111D1FDCE000D43BD /* Default-Landscape.png */ = {isa = PBXFileReference; lastKnownFileType = image.png; path = "Default-Landscape.png"; sourceTree = "<group>"; };
		735C464211D1FDCE000D43BD /* Default-Portrait.png */ = {isa = PBXFileReference; lastKnownFileType = image.png; path = "Default-Portrait.png"; sourceTree = "<group>"; };
		735C464311D1FDCE000D43BD /* Icon.png */ = {isa = PBXFileReference; lastKnownFileType = image.png; path = Icon.png; sourceTree = "<group>"; };
		735C464A11D1FDFD000D43BD /* MainWindow.xib */ = {isa = PBXFileReference; lastKnownFileType = file.xib; name = MainWindow.xib; path = Resources/MainWindow.xib; sourceTree = "<group>"; };
		735C466211D2019C000D43BD /* LICENSE */ = {isa = PBXFileReference; fileEncoding = 4; lastKnownFileType = text; path = LICENSE; sourceTree = "<group>"; };
		735C466311D2019C000D43BD /* README.textile */ = {isa = PBXFileReference; fileEncoding = 4; lastKnownFileType = text; path = README.textile; sourceTree = "<group>"; };
/* End PBXFileReference section */

/* Begin PBXFrameworksBuildPhase section */
		1D60588F0D05DD3D006BFB54 /* Frameworks */ = {
			isa = PBXFrameworksBuildPhase;
			buildActionMask = 2147483647;
			files = (
				1D60589F0D05DD5A006BFB54 /* Foundation.framework in Frameworks */,
				1DF5F4E00D08C38300B7A737 /* UIKit.framework in Frameworks */,
				288765FD0DF74451002DB57D /* CoreGraphics.framework in Frameworks */,
			);
			runOnlyForDeploymentPostprocessing = 0;
		};
/* End PBXFrameworksBuildPhase section */

/* Begin PBXGroup section */
		080E96DDFE201D6D7F000001 /* Classes */ = {
			isa = PBXGroup;
			children = (
				1D3623240D0F684500981E51 /* CodeViewAppDelegate.h */,
				1D3623250D0F684500981E51 /* CodeViewAppDelegate.m */,
				732DA75511D163FA007A2846 /* CVBaseView.h */,
				732DA75611D163FA007A2846 /* CVBaseView.m */,
			);
			path = Classes;
			sourceTree = "<group>";
		};
		19C28FACFE9D520D11CA2CBB /* Products */ = {
			isa = PBXGroup;
			children = (
				1D6058910D05DD3D006BFB54 /* Syntax.app */,
			);
			name = Products;
			sourceTree = "<group>";
		};
		29B97314FDCFA39411CA2CEA /* CustomTemplate */ = {
			isa = PBXGroup;
			children = (
				735C466311D2019C000D43BD /* README.textile */,
				735C466211D2019C000D43BD /* LICENSE */,
				73127FEB11D1DA85002C51DE /* WebRoot */,
				080E96DDFE201D6D7F000001 /* Classes */,
				735C463811D1FDA9000D43BD /* Source */,
				29B97317FDCFA39411CA2CEA /* Resources */,
				29B97323FDCFA39411CA2CEA /* Frameworks */,
				19C28FACFE9D520D11CA2CBB /* Products */,
			);
			name = CustomTemplate;
			sourceTree = "<group>";
		};
		29B97317FDCFA39411CA2CEA /* Resources */ = {
			isa = PBXGroup;
			children = (
				735C464011D1FDCE000D43BD /* Images */,
				735C463311D1FD8D000D43BD /* Fonts */,
				735C464A11D1FDFD000D43BD /* MainWindow.xib */,
			);
			name = Resources;
			sourceTree = "<group>";
		};
		29B97323FDCFA39411CA2CEA /* Frameworks */ = {
			isa = PBXGroup;
			children = (
				1DF5F4DF0D08C38300B7A737 /* UIKit.framework */,
				1D30AB110D05D00D00671497 /* Foundation.framework */,
				288765FC0DF74451002DB57D /* CoreGraphics.framework */,
			);
			name = Frameworks;
			sourceTree = "<group>";
		};
		735C463811D1FDA9000D43BD /* Source */ = {
			isa = PBXGroup;
			children = (
				735C463911D1FDA9000D43BD /* Entitlements.plist */,
				735C463A11D1FDA9000D43BD /* main.m */,
				735C463B11D1FDA9000D43BD /* Syntax-Info.plist */,
				735C463C11D1FDA9000D43BD /* Syntax_Prefix.pch */,
			);
			path = Source;
			sourceTree = "<group>";
		};
		735C464011D1FDCE000D43BD /* Images */ = {
			isa = PBXGroup;
			children = (
				735C464111D1FDCE000D43BD /* Default-Landscape.png */,
				735C464211D1FDCE000D43BD /* Default-Portrait.png */,
				735C464311D1FDCE000D43BD /* Icon.png */,
			);
			path = Images;
			sourceTree = "<group>";
		};
/* End PBXGroup section */

/* Begin PBXNativeTarget section */
		1D6058900D05DD3D006BFB54 /* Syntax */ = {
			isa = PBXNativeTarget;
			buildConfigurationList = 1D6058960D05DD3E006BFB54 /* Build configuration list for PBXNativeTarget "Syntax" */;
			buildPhases = (
				1D60588D0D05DD3D006BFB54 /* Resources */,
				1D60588E0D05DD3D006BFB54 /* Sources */,
				1D60588F0D05DD3D006BFB54 /* Frameworks */,
			);
			buildRules = (
			);
			dependencies = (
			);
			name = Syntax;
			productName = CodeView;
			productReference = 1D6058910D05DD3D006BFB54 /* Syntax.app */;
			productType = "com.apple.product-type.application";
		};
/* End PBXNativeTarget section */

/* Begin PBXProject section */
		29B97313FDCFA39411CA2CEA /* Project object */ = {
			isa = PBXProject;
			buildConfigurationList = C01FCF4E08A954540054247B /* Build configuration list for PBXProject "Syntax" */;
			compatibilityVersion = "Xcode 3.1";
			hasScannedForEncodings = 1;
			mainGroup = 29B97314FDCFA39411CA2CEA /* CustomTemplate */;
			projectDirPath = "";
			projectRoot = "";
			targets = (
				1D6058900D05DD3D006BFB54 /* Syntax */,
			);
		};
/* End PBXProject section */

/* Begin PBXResourcesBuildPhase section */
		1D60588D0D05DD3D006BFB54 /* Resources */ = {
			isa = PBXResourcesBuildPhase;
			buildActionMask = 2147483647;
			files = (
				7312809811D1DA85002C51DE /* WebRoot in Resources */,
				735C463711D1FD8D000D43BD /* Fonts in Resources */,
				735C464411D1FDCE000D43BD /* Default-Landscape.png in Resources */,
				735C464511D1FDCE000D43BD /* Default-Portrait.png in Resources */,
				735C464611D1FDCE000D43BD /* Icon.png in Resources */,
				735C464B11D1FDFD000D43BD /* MainWindow.xib in Resources */,
				735C466411D2019C000D43BD /* LICENSE in Resources */,
				735C466511D2019C000D43BD /* README.textile in Resources */,
			);
			runOnlyForDeploymentPostprocessing = 0;
		};
/* End PBXResourcesBuildPhase section */

/* Begin PBXSourcesBuildPhase section */
		1D60588E0D05DD3D006BFB54 /* Sources */ = {
			isa = PBXSourcesBuildPhase;
			buildActionMask = 2147483647;
			files = (
				1D3623260D0F684500981E51 /* CodeViewAppDelegate.m in Sources */,
				732DA75711D163FA007A2846 /* CVBaseView.m in Sources */,
				735C463E11D1FDA9000D43BD /* main.m in Sources */,
			);
			runOnlyForDeploymentPostprocessing = 0;
		};
/* End PBXSourcesBuildPhase section */

/* Begin XCBuildConfiguration section */
		1D6058940D05DD3E006BFB54 /* Debug */ = {
			isa = XCBuildConfiguration;
			buildSettings = {
				ALWAYS_SEARCH_USER_PATHS = NO;
				CODE_SIGN_ENTITLEMENTS = "";
				COPY_PHASE_STRIP = NO;
				GCC_DYNAMIC_NO_PIC = NO;
				GCC_OPTIMIZATION_LEVEL = 0;
				GCC_PRECOMPILE_PREFIX_HEADER = YES;
				GCC_PREFIX_HEADER = Source/Syntax_Prefix.pch;
				GCC_VERSION = com.apple.compilers.llvm.clang.1_0;
				INFOPLIST_FILE = "Source/Syntax-Info.plist";
				PRODUCT_NAME = Syntax;
				RUN_CLANG_STATIC_ANALYZER = YES;
			};
			name = Debug;
		};
		1D6058950D05DD3E006BFB54 /* Release */ = {
			isa = XCBuildConfiguration;
			buildSettings = {
				ALWAYS_SEARCH_USER_PATHS = NO;
				CODE_SIGN_ENTITLEMENTS = "";
				COPY_PHASE_STRIP = YES;
				GCC_PRECOMPILE_PREFIX_HEADER = YES;
				GCC_PREFIX_HEADER = Source/Syntax_Prefix.pch;
				GCC_VERSION = com.apple.compilers.llvm.clang.1_0;
				INFOPLIST_FILE = "Source/Syntax-Info.plist";
				PRODUCT_NAME = Syntax;
				RUN_CLANG_STATIC_ANALYZER = YES;
				VALIDATE_PRODUCT = NO;
			};
			name = Release;
		};
		7312820311D1EF29002C51DE /* Distribution */ = {
			isa = XCBuildConfiguration;
			buildSettings = {
				ARCHS = "$(ARCHS_UNIVERSAL_IPHONE_OS)";
				"CODE_SIGN_IDENTITY[sdk=iphoneos*]" = "iPhone Distribution: Alice Bevan-McGregor";
				GCC_C_LANGUAGE_STANDARD = c99;
				GCC_PREFIX_HEADER = Source/Syntax_Prefix.pch;
				GCC_WARN_ABOUT_RETURN_TYPE = YES;
				GCC_WARN_UNUSED_VARIABLE = YES;
				INFOPLIST_FILE = "Source/Syntax-Info.plist";
				OTHER_CFLAGS = "-DNS_BLOCK_ASSERTIONS=1";
				PREBINDING = NO;
				"PROVISIONING_PROFILE[sdk=iphoneos*]" = "532CDFE1-8925-4B4A-94E7-96F9BB6D90FE";
				SDKROOT = iphoneos3.2;
				TARGETED_DEVICE_FAMILY = 2;
			};
			name = Distribution;
		};
		7312820411D1EF29002C51DE /* Distribution */ = {
			isa = XCBuildConfiguration;
			buildSettings = {
				ALWAYS_SEARCH_USER_PATHS = NO;
				CODE_SIGN_ENTITLEMENTS = "~/Projects/iOS/Syntax/Entitlements.plist";
				COPY_PHASE_STRIP = YES;
				GCC_PRECOMPILE_PREFIX_HEADER = YES;
				GCC_PREFIX_HEADER = Source/Syntax_Prefix.pch;
				GCC_VERSION = com.apple.compilers.llvm.clang.1_0;
				INFOPLIST_FILE = "Source/Syntax-Info.plist";
				PRODUCT_NAME = Syntax;
				RUN_CLANG_STATIC_ANALYZER = YES;
				VALIDATE_PRODUCT = YES;
			};
			name = Distribution;
		};
		C01FCF4F08A954540054247B /* Debug */ = {
			isa = XCBuildConfiguration;
			buildSettings = {
				ARCHS = "$(ARCHS_UNIVERSAL_IPHONE_OS)";
				CODE_SIGN_ENTITLEMENTS = "";
				"CODE_SIGN_IDENTITY[sdk=iphoneos*]" = "iPhone Developer: Alice Bevan-McGregor (VS6792SF8C)";
				GCC_C_LANGUAGE_STANDARD = c99;
				GCC_PREFIX_HEADER = Source/Syntax_Prefix.pch;
				GCC_WARN_ABOUT_RETURN_TYPE = YES;
				GCC_WARN_UNUSED_VARIABLE = YES;
				INFOPLIST_FILE = "Source/Syntax-Info.plist";
				PREBINDING = NO;
				"PROVISIONING_PROFILE[sdk=iphoneos*]" = "6FA14CE7-0A96-44DD-9E1F-F41158DFA739";
				SDKROOT = iphoneos3.2;
				TARGETED_DEVICE_FAMILY = 2;
			};
			name = Debug;
		};
		C01FCF5008A954540054247B /* Release */ = {
			isa = XCBuildConfiguration;
			buildSettings = {
				ARCHS = "$(ARCHS_UNIVERSAL_IPHONE_OS)";
				"CODE_SIGN_IDENTITY[sdk=iphoneos*]" = "iPhone Developer: Alice Bevan-McGregor (VS6792SF8C)";
				GCC_C_LANGUAGE_STANDARD = c99;
				GCC_PREFIX_HEADER = Source/Syntax_Prefix.pch;
				GCC_WARN_ABOUT_RETURN_TYPE = YES;
				GCC_WARN_UNUSED_VARIABLE = YES;
				INFOPLIST_FILE = "Source/Syntax-Info.plist";
				OTHER_CFLAGS = "-DNS_BLOCK_ASSERTIONS=1";
				PREBINDING = NO;
				"PROVISIONING_PROFILE[sdk=iphoneos*]" = "6FA14CE7-0A96-44DD-9E1F-F41158DFA739";
				SDKROOT = iphoneos3.2;
				TARGETED_DEVICE_FAMILY = 2;
			};
			name = Release;
		};
/* End XCBuildConfiguration section */

/* Begin XCConfigurationList section */
		1D6058960D05DD3E006BFB54 /* Build configuration list for PBXNativeTarget "Syntax" */ = {
			isa = XCConfigurationList;
			buildConfigurations = (
				1D6058940D05DD3E006BFB54 /* Debug */,
				1D6058950D05DD3E006BFB54 /* Release */,
				7312820411D1EF29002C51DE /* Distribution */,
			);
			defaultConfigurationIsVisible = 0;
			defaultConfigurationName = Release;
		};
		C01FCF4E08A954540054247B /* Build configuration list for PBXProject "Syntax" */ = {
			isa = XCConfigurationList;
			buildConfigurations = (
				C01FCF4F08A954540054247B /* Debug */,
				C01FCF5008A954540054247B /* Release */,
				7312820311D1EF29002C51DE /* Distribution */,
			);
			defaultConfigurationIsVisible = 0;
			defaultConfigurationName = Release;
		};
/* End XCConfigurationList section */
	};
	rootObject = 29B97313FDCFA39411CA2CEA /* Project object */;
}
